{
  "version": "2",
  "remote": {
    "https://cdn.skypack.dev/-/fast-xml-parser@v3.21.1-GF6KBYcx54Lz1yeJBPtP/dist=es2019,mode=imports/optimized/fast-xml-parser.js": "f6929a0f42f4264a392432c802482f5788714dc48eedb96972165e6dc0b689b9",
    "https://cdn.skypack.dev/-/fast-xml-parser@v3.21.1-GF6KBYcx54Lz1yeJBPtP/dist=es2019,mode=types/src/parser.d.ts": "9341c4f401b573890138386fb5b8a9369c5b27506e8ccd391c3b8c29ee0e9420",
    "https://cdn.skypack.dev/-/highlight.js@v11.2.0-JM2Dj07DwgYLL7X9XNLM/dist=es2019,mode=imports/optimized/common/core-ebf7cfbf.js": "70f6e0daabb23c796bf22aaff9319f29c18bf1c2568d99812c794a928e4565ee",
    "https://cdn.skypack.dev/-/highlight.js@v11.2.0-JM2Dj07DwgYLL7X9XNLM/dist=es2019,mode=imports/optimized/common/vbnet-059a8fad.js": "62e31f13250953cbfb2f400c4c9fb21a07d3afe2a6364fe79ceb430ff80e85ce",
    "https://cdn.skypack.dev/-/highlight.js@v11.2.0-JM2Dj07DwgYLL7X9XNLM/dist=es2019,mode=imports/optimized/highlightjs.js": "46cfb39815fcf39087092036fb0769616fddca7f0cf3ad86b35ab0d7f97eee59",
    "https://cdn.skypack.dev/-/jsonc-parser@v3.0.0-7JpV01PW40mGci0GFgoN/dist=es2019,mode=imports/optimized/jsonc-parser.js": "fca068f097a4bbeb091511a56aa0f5a0c81a9fbab7d4e23246230ba152b4fb31",
    "https://cdn.skypack.dev/-/marked@v3.0.2-ISaz9U4PhREuYkn5b6sM/dist=es2019,mode=imports/optimized/marked.js": "a95722679bef7882b6d08696790e12941541e23cee3c1c24d59bf09185274dcb",
    "https://cdn.skypack.dev/-/marked@v3.0.2-ISaz9U4PhREuYkn5b6sM/dist=es2019,mode=types/index.d.ts": "a9a1dd4e43a7848f7f4d05af3d2703e8c9c444654a5acc74a9d5675c62ad670d",
    "https://cdn.skypack.dev/-/strnum@v1.0.5-UZPHteCsFGtQtMgV7Cjq/dist=es2019,mode=imports/optimized/strnum.js": "bf01113a22aa626ca865caf4a07493e2ddf2bcb4dc49e0f5549d0dc0da187bc9",
    "https://cdn.skypack.dev/fast-xml-parser@3.21.1?dts": "df514c592773a4c36df147b52d1449da2c401c9c7d3c83bf741ce37675b842f8",
    "https://cdn.skypack.dev/highlight.js@11.2.0": "b472a038f83a135ac54fb18a7e002bd6f78648c8d0cdd21808e6bd523f0fb4dc",
    "https://cdn.skypack.dev/jsonc-parser@3.0.0": "db4b915e6a7cab875286f8b70378c7e40c3c14e76a96b2a33f9c4b50819f356d",
    "https://cdn.skypack.dev/marked@3.0.2?dts": "6944cacce51eb6d4760a7d9704b4df286a9478678d622bca50e351e99b27867b",
    "https://deno.land/std@0.162.0/_util/assert.ts": "e94f2eb37cebd7f199952e242c77654e43333c1ac4c5c700e929ea3aa5489f74",
    "https://deno.land/std@0.162.0/_util/os.ts": "8a33345f74990e627b9dfe2de9b040004b08ea5146c7c9e8fe9a29070d193934",
    "https://deno.land/std@0.162.0/async/abortable.ts": "87aa7230be8360c24ad437212311c9e8d4328854baec27b4c7abb26e85515c06",
    "https://deno.land/std@0.162.0/async/deadline.ts": "48ac998d7564969f3e6ec6b6f9bf0217ebd00239b1b2292feba61272d5dd58d0",
    "https://deno.land/std@0.162.0/async/debounce.ts": "dc8b92d4a4fe7eac32c924f2b8d3e62112530db70cadce27042689d82970b350",
    "https://deno.land/std@0.162.0/async/deferred.ts": "d8fb253ffde2a056e4889ef7e90f3928f28be9f9294b6505773d33f136aab4e6",
    "https://deno.land/std@0.162.0/async/delay.ts": "0419dfc993752849692d1f9647edf13407c7facc3509b099381be99ffbc9d699",
    "https://deno.land/std@0.162.0/async/mod.ts": "dd0a8ed4f3984ffabe2fcca7c9f466b7932d57b1864ffee148a5d5388316db6b",
    "https://deno.land/std@0.162.0/async/mux_async_iterator.ts": "3447b28a2a582224a3d4d3596bccbba6e85040da3b97ed64012f7decce98d093",
    "https://deno.land/std@0.162.0/async/pool.ts": "ef9eb97b388543acbf0ac32647121e4dbe629236899586c4d4311a8770fbb239",
    "https://deno.land/std@0.162.0/async/tee.ts": "9af3a3e7612af75861308b52249e167f5ebc3dcfc8a1a4d45462d96606ee2b70",
    "https://deno.land/std@0.162.0/crypto/_fnv/fnv32.ts": "aa9bddead8c6345087d3abd4ef35fb9655622afc333fc41fff382b36e64280b5",
    "https://deno.land/std@0.162.0/crypto/_fnv/fnv64.ts": "625d7e7505b6cb2e9801b5fd6ed0a89256bac12b2bbb3e4664b85a88b0ec5bef",
    "https://deno.land/std@0.162.0/crypto/_fnv/index.ts": "a8f6a361b4c6d54e5e89c16098f99b6962a1dd6ad1307dbc97fa1ecac5d7060a",
    "https://deno.land/std@0.162.0/crypto/_fnv/util.ts": "4848313bed7f00f55be3cb080aa0583fc007812ba965b03e4009665bde614ce3",
    "https://deno.land/std@0.162.0/crypto/_wasm_crypto/lib/deno_std_wasm_crypto.generated.mjs": "258b484c2da27578bec61c01d4b62c21f72268d928d03c968c4eb590cb3bd830",
    "https://deno.land/std@0.162.0/crypto/_wasm_crypto/mod.ts": "6c60d332716147ded0eece0861780678d51b560f533b27db2e15c64a4ef83665",
    "https://deno.land/std@0.162.0/crypto/keystack.ts": "e481eed28007395e554a435e880fee83a5c73b9259ed8a135a75e4b1e4f381f7",
    "https://deno.land/std@0.162.0/crypto/mod.ts": "e70623c956a5f70fa54605d44da961a6a886e8ffcfc9f763877db4eb1beeeef1",
    "https://deno.land/std@0.162.0/crypto/timing_safe_equal.ts": "82a29b737bc8932d75d7a20c404136089d5d23629e94ba14efa98a8cc066c73e",
    "https://deno.land/std@0.162.0/crypto/util.ts": "93fc9dbaa62421538ad60ee65337cbf1d8a0298fac3c4f70b37e5627e7e129eb",
    "https://deno.land/std@0.162.0/encoding/base64.ts": "c57868ca7fa2fbe919f57f88a623ad34e3d970d675bdc1ff3a9d02bba7409db2",
    "https://deno.land/std@0.162.0/encoding/base64url.ts": "a5f82a9fa703bd85a5eb8e7c1296bc6529e601ebd9642cc2b5eaa6b38fa9e05a",
    "https://deno.land/std@0.162.0/encoding/hex.ts": "4cc5324417cbb4ac9b828453d35aed45b9cc29506fad658f1f138d981ae33795",
    "https://deno.land/std@0.162.0/fmt/colors.ts": "9e36a716611dcd2e4865adea9c4bec916b5c60caad4cdcdc630d4974e6bb8bd4",
    "https://deno.land/std@0.162.0/fs/_util.ts": "fdc156f897197f261a1c096dcf8ff9267ed0ff42bd5b31f55053a4763a4bae3b",
    "https://deno.land/std@0.162.0/fs/copy.ts": "73bdf24f4322648d9bc38ef983b818637ba368351d17aa03644209d3ce3eac31",
    "https://deno.land/std@0.162.0/fs/empty_dir.ts": "c15a0aaaf40f8c21cca902aa1e01a789ad0c2fd1b7e2eecf4957053c5dbf707f",
    "https://deno.land/std@0.162.0/fs/ensure_dir.ts": "76395fc1c989ca8d2de3aedfa8240eb8f5225cde20f926de957995b063135b80",
    "https://deno.land/std@0.162.0/fs/ensure_file.ts": "b8e32ea63aa21221d0219760ba3f741f682d7f7d68d0d24a3ec067c338568152",
    "https://deno.land/std@0.162.0/fs/ensure_link.ts": "5cc1c04f18487d7d1edf4c5469705f30b61390ffd24ad7db6df85e7209b32bb2",
    "https://deno.land/std@0.162.0/fs/ensure_symlink.ts": "5273557b8c50be69477aa9cb003b54ff2240a336db52a40851c97abce76b96ab",
    "https://deno.land/std@0.162.0/fs/eol.ts": "65b1e27320c3eec6fb653b27e20056ee3d015d3e91db388cfefa41616ebc7cb3",
    "https://deno.land/std@0.162.0/fs/exists.ts": "6a447912e49eb79cc640adacfbf4b0baf8e17ede6d5bed057062ce33c4fa0d68",
    "https://deno.land/std@0.162.0/fs/expand_glob.ts": "d3f62aefc7718d878904d60d91e8e6dbbf86c696d32b6cbbc333637acf7f8571",
    "https://deno.land/std@0.162.0/fs/mod.ts": "354a6f972ef4e00c4dd1f1339a8828ef0764c1c23d3c0010af3fcc025d8655b0",
    "https://deno.land/std@0.162.0/fs/move.ts": "6d7fa9da60dbc7a32dd7fdbc2ff812b745861213c8e92ba96dace0669b0c378c",
    "https://deno.land/std@0.162.0/fs/walk.ts": "d96d4e5b6a3552e8304f28a0fd0b317b812298298449044f8de4932c869388a5",
    "https://deno.land/std@0.162.0/http/server.ts": "e99c1bee8a3f6571ee4cdeb2966efad465b8f6fe62bec1bdb59c1f007cc4d155",
    "https://deno.land/std@0.162.0/path/_constants.ts": "df1db3ffa6dd6d1252cc9617e5d72165cd2483df90e93833e13580687b6083c3",
    "https://deno.land/std@0.162.0/path/_interface.ts": "ee3b431a336b80cf445441109d089b70d87d5e248f4f90ff906820889ecf8d09",
    "https://deno.land/std@0.162.0/path/_util.ts": "d16be2a16e1204b65f9d0dfc54a9bc472cafe5f4a190b3c8471ec2016ccd1677",
    "https://deno.land/std@0.162.0/path/common.ts": "bee563630abd2d97f99d83c96c2fa0cca7cee103e8cb4e7699ec4d5db7bd2633",
    "https://deno.land/std@0.162.0/path/glob.ts": "cb5255638de1048973c3e69e420c77dc04f75755524cb3b2e160fe9277d939ee",
    "https://deno.land/std@0.162.0/path/mod.ts": "56fec03ad0ebd61b6ab39ddb9b0ddb4c4a5c9f2f4f632e09dd37ec9ebfd722ac",
    "https://deno.land/std@0.162.0/path/posix.ts": "6b63de7097e68c8663c84ccedc0fd977656eb134432d818ecd3a4e122638ac24",
    "https://deno.land/std@0.162.0/path/separator.ts": "fe1816cb765a8068afb3e8f13ad272351c85cbc739af56dacfc7d93d710fe0f9",
    "https://deno.land/std@0.162.0/path/win32.ts": "ee8826dce087d31c5c81cd414714e677eb68febc40308de87a2ce4b40e10fb8d",
    "https://deno.land/std@0.162.0/testing/_diff.ts": "a23e7fc2b4d8daa3e158fa06856bedf5334ce2a2831e8bf9e509717f455adb2c",
    "https://deno.land/std@0.162.0/testing/_format.ts": "cd11136e1797791045e639e9f0f4640d5b4166148796cad37e6ef75f7d7f3832",
    "https://deno.land/std@0.162.0/testing/asserts.ts": "1e340c589853e82e0807629ba31a43c84ebdcdeca910c4a9705715dfdb0f5ce8",
    "https://deno.land/x/compress@v0.4.1/utils/uint8.ts": "9c82e09c065f1f4bc648e3b14df441b43a7960fc7bdb29e9fb8d3a69c7e9d425",
    "https://deno.land/x/compress@v0.4.1/zlib/deflate.ts": "e1e3b406dcc3e20021e53cde427b4b9ced752b72df820de73fec17c6e5ba999e",
    "https://deno.land/x/compress@v0.4.1/zlib/inflate.ts": "618cc3dd25d202bf6b89d92f3ab2865e7495884cafce950638c77cbc1537aeb1",
    "https://deno.land/x/compress@v0.4.1/zlib/mod.ts": "4dca9c1e934b7ab27f31c318abd7bfd39b09be96fd76ba27bd46f3a4e73b4ad0",
    "https://deno.land/x/compress@v0.4.1/zlib/zlib/adler32.ts": "e34c7596d63a655755c4b0a44a40d4f9c1d1c4d3b891e5c1f3f840f8939e1940",
    "https://deno.land/x/compress@v0.4.1/zlib/zlib/crc32.ts": "b9bc4adaf327d32585205d1176bd52f6453c06dd1040544611d4c869e638119c",
    "https://deno.land/x/compress@v0.4.1/zlib/zlib/deflate.ts": "8d1dd88630279313e50deed4fe5feefe8128307cc48fa560e659b5234ab09d83",
    "https://deno.land/x/compress@v0.4.1/zlib/zlib/gzheader.ts": "11e6da7383447aae9791308dc2350a809fa341a876a2da396b03a2a31408c20c",
    "https://deno.land/x/compress@v0.4.1/zlib/zlib/inffast.ts": "282daf5ea16bb876d26e342f3c24fe1a8ec84640e713a970b02232955a853f86",
    "https://deno.land/x/compress@v0.4.1/zlib/zlib/inflate.ts": "76751c1a5b18d70a929fa31ce4959db0bde1b9097bfa1b5ea3b4d1fba2ab92fa",
    "https://deno.land/x/compress@v0.4.1/zlib/zlib/inftrees.ts": "8a6d765a5c42bf3b6990060cabbe52e88493f8ce6d082e6e35d97756914cfb8e",
    "https://deno.land/x/compress@v0.4.1/zlib/zlib/messages.ts": "c82229bd67ccc3b6162f3aca1c5e7f936e546aa91ac9a9ac4fcfefc3a9dc5ac8",
    "https://deno.land/x/compress@v0.4.1/zlib/zlib/status.ts": "5987864d2d43d59bbbfa2e6ef4d5a07284c1d10489cc5843ddf41ac547957ac3",
    "https://deno.land/x/compress@v0.4.1/zlib/zlib/trees.ts": "6b65a767646e031e87e7b725ffad0c511fe701f393a01652e1e7ee8884f60fee",
    "https://deno.land/x/compress@v0.4.1/zlib/zlib/zstream.ts": "c110fd5919235e317d64933852e24a1bba0126202be592e90e58f7b19315ad93",
    "https://deno.land/x/deno_graph@0.18.0/lib/deno_graph.generated.js": "cad29c9fcaa1fd3a8d96cecc0d775e06fbc813497593f374057addf619007f43",
    "https://deno.land/x/deno_graph@0.18.0/lib/loader.ts": "13a11c1dea0d85e0ad211be77217b8c06138bbb916afef6f50a04cca415084a9",
    "https://deno.land/x/deno_graph@0.18.0/lib/media_type.ts": "f5bfbb613254b83e3317ec979815d6639de1ffaa0143be8337dcfed978ab2db6",
    "https://deno.land/x/deno_graph@0.18.0/lib/snippets/deno_graph-c96e98bf612affe1/src/deno_apis.js": "f13f2678d875372cf8489ceb7124623a39fa5bf8de8ee1ec722dbb2ec5ec7845",
    "https://deno.land/x/deno_graph@0.18.0/lib/types.d.ts": "8cb4ace826c56ebd6e50de7d95fbb4e9247dc265ff1c0743a3db93eb7ec4d4f8",
    "https://deno.land/x/deno_graph@0.18.0/mod.ts": "87f3e3c8668e1e355ce567cfc035538411a165427c4287611bf29e7defbd0198",
    "https://deno.land/x/html_escape@v1.1.5/escape.ts": "36f6d64ba196de17aec153c977d9581f8ce9df4643e659e4a6575a1a6fe2df47",
    "https://deno.land/x/html_escape@v1.1.5/html.ts": "3abc9c3553eb9c91f1b41c5e3d94b7d3101001a7ce3365caa123bfecee1f34e2"
  }
}
